
Microsoft Visual Studio Solution File, Format Version 11.00
# Visual Studio 2010
Project("{FAE04EC0-301F-11D3-BF4B-00C04F79EFBC}") = "USAA_Gen2Library", "USAA_Gen2Library.csproj", "{2087B819-DB84-47CF-B5FB-BE439C5CBA1B}"
EndProject
Global
	GlobalSection(SolutionConfigurationPlatforms) = preSolution
		Debug|Any CPU = Debug|Any CPU
		Release|Any CPU = Release|Any CPU
	EndGlobalSection
	GlobalSection(ProjectConfigurationPlatforms) = postSolution
		{2087B819-DB84-47CF-B5FB-BE439C5CBA1B}.Debug|Any CPU.ActiveCfg = Debug|Any CPU
		{2087B819-DB84-47CF-B5FB-BE439C5CBA1B}.Debug|Any CPU.Build.0 = Debug|Any CPU
		{2087B819-DB84-47CF-B5FB-BE439C5CBA1B}.Release|Any CPU.ActiveCfg = Release|Any CPU
		{2087B819-DB84-47CF-B5FB-BE439C5CBA1B}.Release|Any CPU.Build.0 = Release|Any CPU
	EndGlobalSection
	GlobalSection(SolutionProperties) = preSolution
		HideSolutionNode = FALSE
	EndGlobalSection
EndGlobal
